
Microsoft Visual Studio Solution File, Format Version 12.00
# Visual Studio Version 16
VisualStudioVersion = 16.0.30225.117
MinimumVisualStudioVersion = 10.0.40219.1
Project("{FAE04EC0-301F-11D3-BF4B-00C04F79EFBC}") = "ConsoleTestLargeHttpPayload", "ConsoleTestLargeHttpPayload\ConsoleTestLargeHttpPayload.csproj", "{767CF800-0513-4584-AE9E-E8A82E6EEF7A}"
EndProject
Global
	GlobalSection(SolutionConfigurationPlatforms) = preSolution
		Debug|Any CPU = Debug|Any CPU
		Release|Any CPU = Release|Any CPU
	EndGlobalSection
	GlobalSection(ProjectConfigurationPlatforms) = postSolution
		{767CF800-0513-4584-AE9E-E8A82E6EEF7A}.Debug|Any CPU.ActiveCfg = Debug|Any CPU
		{767CF800-0513-4584-AE9E-E8A82E6EEF7A}.Debug|Any CPU.Build.0 = Debug|Any CPU
		{767CF800-0513-4584-AE9E-E8A82E6EEF7A}.Release|Any CPU.ActiveCfg = Release|Any CPU
		{767CF800-0513-4584-AE9E-E8A82E6EEF7A}.Release|Any CPU.Build.0 = Release|Any CPU
	EndGlobalSection
	GlobalSection(SolutionProperties) = preSolution
		HideSolutionNode = FALSE
	EndGlobalSection
	GlobalSection(ExtensibilityGlobals) = postSolution
		SolutionGuid = {2D5638BD-05A6-4376-8976-6995F85DEAAF}
	EndGlobalSection
EndGlobal
